<Solution>
  <Folder Name="/src/">
    <Project Path="src/AppLens.Backend/AppLens.Backend.csproj" />
    <Project Path="src/AppLens.Desktop/AppLens.Desktop.csproj">
      <Platform Project="x64" />
    </Project>
  </Folder>
  <Folder Name="/tests/">
    <Project Path="tests/AppLens.Backend.Tests/AppLens.Backend.Tests.csproj" />
    <Project Path="tests/AppLens.Desktop.Tests/AppLens.Desktop.Tests.csproj" />
  </Folder>
</Solution>
